
Microsoft Visual Studio Solution File, Format Version 12.00
# Visual Studio Version 16
VisualStudioVersion = 16.0.29613.14
MinimumVisualStudioVersion = 10.0.40219.1
Project("{8BC9CEB8-8B4A-11D0-8D11-00A0C91BC942}") = "001-HelloWorld", "001-HelloWorld\001-HelloWorld.vcxproj", "{3335F5D8-9C02-426E-B553-5BFB2DCDD67F}"
EndProject
Project("{8BC9CEB8-8B4A-11D0-8D11-00A0C91BC942}") = "002-Variables", "002-Variables\002-Variables.vcxproj", "{15A923E3-6F9E-4C2D-ADB1-7D64BB8BC799}"
EndProject
Project("{8BC9CEB8-8B4A-11D0-8D11-00A0C91BC942}") = "003-Operations", "003-Operations\003-Operations.vcxproj", "{7B0DC824-9B88-4A07-A8A6-7F4E439DB439}"
EndProject
Project("{8BC9CEB8-8B4A-11D0-8D11-00A0C91BC942}") = "004-Conditions", "004-Conditions\004-Conditions.vcxproj", "{23A7397E-AE9E-429E-BB56-3F34532A7F57}"
EndProject
Project("{8BC9CEB8-8B4A-11D0-8D11-00A0C91BC942}") = "005-Loops", "005-Loops\005-Loops.vcxproj", "{EB8785CC-2A70-4F7F-9C8D-7A1708210C98}"
EndProject
Project("{8BC9CEB8-8B4A-11D0-8D11-00A0C91BC942}") = "006-MoreOrLess", "006-MoreOrLess\006-MoreOrLess.vcxproj", "{031C25F8-2DEA-45CE-87D8-040C582E6CDB}"
EndProject
Project("{8BC9CEB8-8B4A-11D0-8D11-00A0C91BC942}") = "007-Functions", "007-Functions\007-Functions.vcxproj", "{831860CC-41AA-41EE-8B62-08DF655EA5C9}"
EndProject
Project("{8BC9CEB8-8B4A-11D0-8D11-00A0C91BC942}") = "008-CompteCaisse", "008-CompteCaisse\008-CompteCaisse.vcxproj", "{8A8E3D14-4484-447D-89BA-1EBD9F8B2C98}"
EndProject
Project("{8BC9CEB8-8B4A-11D0-8D11-00A0C91BC942}") = "009-Modular", "009-Modular\009-Modular.vcxproj", "{FD8DA840-33C7-4553-9746-754EFED7924E}"
EndProject
Project("{8BC9CEB8-8B4A-11D0-8D11-00A0C91BC942}") = "010-Pointers", "010-Pointers\010-Pointers.vcxproj", "{31D3B3F1-0B5E-43DB-9449-00193BADDA9F}"
EndProject
Project("{8BC9CEB8-8B4A-11D0-8D11-00A0C91BC942}") = "011-Tables", "011-Tables\011-Tables.vcxproj", "{9F45DA2C-15D1-47B6-90F2-A00F5D7A2F5E}"
EndProject
Project("{8BC9CEB8-8B4A-11D0-8D11-00A0C91BC942}") = "012-ExercisesTables", "012-ExercisesTables\012-ExercisesTables.vcxproj", "{0C8A9602-A336-446F-B257-3C1381A90065}"
EndProject
Project("{8BC9CEB8-8B4A-11D0-8D11-00A0C91BC942}") = "013-Char_Strings", "013-Char_Strings\013-Char_Strings.vcxproj", "{822C4580-7716-4FA8-B4D9-426A76234543}"
EndProject
Project("{8BC9CEB8-8B4A-11D0-8D11-00A0C91BC942}") = "014-Preprocessor", "014-Preprocessor\014-Preprocessor.vcxproj", "{143AEAA0-7F83-4D0A-9265-05E2A082A2DF}"
EndProject
Project("{8BC9CEB8-8B4A-11D0-8D11-00A0C91BC942}") = "015-CustomVariables", "015-CustomVariables\015-CustomVariables.vcxproj", "{FBCDA691-511F-418A-A738-275A69FF6642}"
EndProject
Project("{8BC9CEB8-8B4A-11D0-8D11-00A0C91BC942}") = "016-FileInteractions", "016-FileInteractions\016-FileInteractions.vcxproj", "{D70BC969-4079-43C2-9E50-35BA5C338148}"
EndProject
Project("{8BC9CEB8-8B4A-11D0-8D11-00A0C91BC942}") = "017-DynamicAllocation", "017-DynamicAllocation\017-DynamicAllocation.vcxproj", "{7733E6C2-2C82-4625-9D5B-E57D614E72FA}"
EndProject
Project("{8BC9CEB8-8B4A-11D0-8D11-00A0C91BC942}") = "018-HangmanGame", "018-HangmanGame\018-HangmanGame.vcxproj", "{56445BA0-B17F-4664-AE92-49640D317C7E}"
EndProject
Global
	GlobalSection(SolutionConfigurationPlatforms) = preSolution
		Debug|x64 = Debug|x64
		Debug|x86 = Debug|x86
		Release|x64 = Release|x64
		Release|x86 = Release|x86
	EndGlobalSection
	GlobalSection(ProjectConfigurationPlatforms) = postSolution
		{3335F5D8-9C02-426E-B553-5BFB2DCDD67F}.Debug|x64.ActiveCfg = Debug|x64
		{3335F5D8-9C02-426E-B553-5BFB2DCDD67F}.Debug|x64.Build.0 = Debug|x64
		{3335F5D8-9C02-426E-B553-5BFB2DCDD67F}.Debug|x86.ActiveCfg = Debug|Win32
		{3335F5D8-9C02-426E-B553-5BFB2DCDD67F}.Debug|x86.Build.0 = Debug|Win32
		{3335F5D8-9C02-426E-B553-5BFB2DCDD67F}.Release|x64.ActiveCfg = Release|x64
		{3335F5D8-9C02-426E-B553-5BFB2DCDD67F}.Release|x64.Build.0 = Release|x64
		{3335F5D8-9C02-426E-B553-5BFB2DCDD67F}.Release|x86.ActiveCfg = Release|Win32
		{3335F5D8-9C02-426E-B553-5BFB2DCDD67F}.Release|x86.Build.0 = Release|Win32
		{15A923E3-6F9E-4C2D-ADB1-7D64BB8BC799}.Debug|x64.ActiveCfg = Debug|x64
		{15A923E3-6F9E-4C2D-ADB1-7D64BB8BC799}.Debug|x64.Build.0 = Debug|x64
		{15A923E3-6F9E-4C2D-ADB1-7D64BB8BC799}.Debug|x86.ActiveCfg = Debug|Win32
		{15A923E3-6F9E-4C2D-ADB1-7D64BB8BC799}.Debug|x86.Build.0 = Debug|Win32
		{15A923E3-6F9E-4C2D-ADB1-7D64BB8BC799}.Release|x64.ActiveCfg = Release|x64
		{15A923E3-6F9E-4C2D-ADB1-7D64BB8BC799}.Release|x64.Build.0 = Release|x64
		{15A923E3-6F9E-4C2D-ADB1-7D64BB8BC799}.Release|x86.ActiveCfg = Release|Win32
		{15A923E3-6F9E-4C2D-ADB1-7D64BB8BC799}.Release|x86.Build.0 = Release|Win32
		{7B0DC824-9B88-4A07-A8A6-7F4E439DB439}.Debug|x64.ActiveCfg = Debug|x64
		{7B0DC824-9B88-4A07-A8A6-7F4E439DB439}.Debug|x64.Build.0 = Debug|x64
		{7B0DC824-9B88-4A07-A8A6-7F4E439DB439}.Debug|x86.ActiveCfg = Debug|Win32
		{7B0DC824-9B88-4A07-A8A6-7F4E439DB439}.Debug|x86.Build.0 = Debug|Win32
		{7B0DC824-9B88-4A07-A8A6-7F4E439DB439}.Release|x64.ActiveCfg = Release|x64
		{7B0DC824-9B88-4A07-A8A6-7F4E439DB439}.Release|x64.Build.0 = Release|x64
		{7B0DC824-9B88-4A07-A8A6-7F4E439DB439}.Release|x86.ActiveCfg = Release|Win32
		{7B0DC824-9B88-4A07-A8A6-7F4E439DB439}.Release|x86.Build.0 = Release|Win32
		{23A7397E-AE9E-429E-BB56-3F34532A7F57}.Debug|x64.ActiveCfg = Debug|x64
		{23A7397E-AE9E-429E-BB56-3F34532A7F57}.Debug|x64.Build.0 = Debug|x64
		{23A7397E-AE9E-429E-BB56-3F34532A7F57}.Debug|x86.ActiveCfg = Debug|Win32
		{23A7397E-AE9E-429E-BB56-3F34532A7F57}.Debug|x86.Build.0 = Debug|Win32
		{23A7397E-AE9E-429E-BB56-3F34532A7F57}.Release|x64.ActiveCfg = Release|x64
		{23A7397E-AE9E-429E-BB56-3F34532A7F57}.Release|x64.Build.0 = Release|x64
		{23A7397E-AE9E-429E-BB56-3F34532A7F57}.Release|x86.ActiveCfg = Release|Win32
		{23A7397E-AE9E-429E-BB56-3F34532A7F57}.Release|x86.Build.0 = Release|Win32
		{EB8785CC-2A70-4F7F-9C8D-7A1708210C98}.Debug|x64.ActiveCfg = Debug|x64
		{EB8785CC-2A70-4F7F-9C8D-7A1708210C98}.Debug|x64.Build.0 = Debug|x64
		{EB8785CC-2A70-4F7F-9C8D-7A1708210C98}.Debug|x86.ActiveCfg = Debug|Win32
		{EB8785CC-2A70-4F7F-9C8D-7A1708210C98}.Debug|x86.Build.0 = Debug|Win32
		{EB8785CC-2A70-4F7F-9C8D-7A1708210C98}.Release|x64.ActiveCfg = Release|x64
		{EB8785CC-2A70-4F7F-9C8D-7A1708210C98}.Release|x64.Build.0 = Release|x64
		{EB8785CC-2A70-4F7F-9C8D-7A1708210C98}.Release|x86.ActiveCfg = Release|Win32
		{EB8785CC-2A70-4F7F-9C8D-7A1708210C98}.Release|x86.Build.0 = Release|Win32
		{031C25F8-2DEA-45CE-87D8-040C582E6CDB}.Debug|x64.ActiveCfg = Debug|x64
		{031C25F8-2DEA-45CE-87D8-040C582E6CDB}.Debug|x64.Build.0 = Debug|x64
		{031C25F8-2DEA-45CE-87D8-040C582E6CDB}.Debug|x86.ActiveCfg = Debug|Win32
		{031C25F8-2DEA-45CE-87D8-040C582E6CDB}.Debug|x86.Build.0 = Debug|Win32
		{031C25F8-2DEA-45CE-87D8-040C582E6CDB}.Release|x64.ActiveCfg = Release|x64
		{031C25F8-2DEA-45CE-87D8-040C582E6CDB}.Release|x64.Build.0 = Release|x64
		{031C25F8-2DEA-45CE-87D8-040C582E6CDB}.Release|x86.ActiveCfg = Release|Win32
		{031C25F8-2DEA-45CE-87D8-040C582E6CDB}.Release|x86.Build.0 = Release|Win32
		{831860CC-41AA-41EE-8B62-08DF655EA5C9}.Debug|x64.ActiveCfg = Debug|x64
		{831860CC-41AA-41EE-8B62-08DF655EA5C9}.Debug|x64.Build.0 = Debug|x64
		{831860CC-41AA-41EE-8B62-08DF655EA5C9}.Debug|x86.ActiveCfg = Debug|Win32
		{831860CC-41AA-41EE-8B62-08DF655EA5C9}.Debug|x86.Build.0 = Debug|Win32
		{831860CC-41AA-41EE-8B62-08DF655EA5C9}.Release|x64.ActiveCfg = Release|x64
		{831860CC-41AA-41EE-8B62-08DF655EA5C9}.Release|x64.Build.0 = Release|x64
		{831860CC-41AA-41EE-8B62-08DF655EA5C9}.Release|x86.ActiveCfg = Release|Win32
		{831860CC-41AA-41EE-8B62-08DF655EA5C9}.Release|x86.Build.0 = Release|Win32
		{8A8E3D14-4484-447D-89BA-1EBD9F8B2C98}.Debug|x64.ActiveCfg = Debug|x64
		{8A8E3D14-4484-447D-89BA-1EBD9F8B2C98}.Debug|x64.Build.0 = Debug|x64
		{8A8E3D14-4484-447D-89BA-1EBD9F8B2C98}.Debug|x86.ActiveCfg = Debug|Win32
		{8A8E3D14-4484-447D-89BA-1EBD9F8B2C98}.Debug|x86.Build.0 = Debug|Win32
		{8A8E3D14-4484-447D-89BA-1EBD9F8B2C98}.Release|x64.ActiveCfg = Release|x64
		{8A8E3D14-4484-447D-89BA-1EBD9F8B2C98}.Release|x64.Build.0 = Release|x64
		{8A8E3D14-4484-447D-89BA-1EBD9F8B2C98}.Release|x86.ActiveCfg = Release|Win32
		{8A8E3D14-4484-447D-89BA-1EBD9F8B2C98}.Release|x86.Build.0 = Release|Win32
		{FD8DA840-33C7-4553-9746-754EFED7924E}.Debug|x64.ActiveCfg = Debug|x64
		{FD8DA840-33C7-4553-9746-754EFED7924E}.Debug|x64.Build.0 = Debug|x64
		{FD8DA840-33C7-4553-9746-754EFED7924E}.Debug|x86.ActiveCfg = Debug|Win32
		{FD8DA840-33C7-4553-9746-754EFED7924E}.Debug|x86.Build.0 = Debug|Win32
		{FD8DA840-33C7-4553-9746-754EFED7924E}.Release|x64.ActiveCfg = Release|x64
		{FD8DA840-33C7-4553-9746-754EFED7924E}.Release|x64.Build.0 = Release|x64
		{FD8DA840-33C7-4553-9746-754EFED7924E}.Release|x86.ActiveCfg = Release|Win32
		{FD8DA840-33C7-4553-9746-754EFED7924E}.Release|x86.Build.0 = Release|Win32
		{31D3B3F1-0B5E-43DB-9449-00193BADDA9F}.Debug|x64.ActiveCfg = Debug|x64
		{31D3B3F1-0B5E-43DB-9449-00193BADDA9F}.Debug|x64.Build.0 = Debug|x64
		{31D3B3F1-0B5E-43DB-9449-00193BADDA9F}.Debug|x86.ActiveCfg = Debug|Win32
		{31D3B3F1-0B5E-43DB-9449-00193BADDA9F}.Debug|x86.Build.0 = Debug|Win32
		{31D3B3F1-0B5E-43DB-9449-00193BADDA9F}.Release|x64.ActiveCfg = Release|x64
		{31D3B3F1-0B5E-43DB-9449-00193BADDA9F}.Release|x64.Build.0 = Release|x64
		{31D3B3F1-0B5E-43DB-9449-00193BADDA9F}.Release|x86.ActiveCfg = Release|Win32
		{31D3B3F1-0B5E-43DB-9449-00193BADDA9F}.Release|x86.Build.0 = Release|Win32
		{9F45DA2C-15D1-47B6-90F2-A00F5D7A2F5E}.Debug|x64.ActiveCfg = Debug|x64
		{9F45DA2C-15D1-47B6-90F2-A00F5D7A2F5E}.Debug|x64.Build.0 = Debug|x64
		{9F45DA2C-15D1-47B6-90F2-A00F5D7A2F5E}.Debug|x86.ActiveCfg = Debug|Win32
		{9F45DA2C-15D1-47B6-90F2-A00F5D7A2F5E}.Debug|x86.Build.0 = Debug|Win32
		{9F45DA2C-15D1-47B6-90F2-A00F5D7A2F5E}.Release|x64.ActiveCfg = Release|x64
		{9F45DA2C-15D1-47B6-90F2-A00F5D7A2F5E}.Release|x64.Build.0 = Release|x64
		{9F45DA2C-15D1-47B6-90F2-A00F5D7A2F5E}.Release|x86.ActiveCfg = Release|Win32
		{9F45DA2C-15D1-47B6-90F2-A00F5D7A2F5E}.Release|x86.Build.0 = Release|Win32
		{0C8A9602-A336-446F-B257-3C1381A90065}.Debug|x64.ActiveCfg = Debug|x64
		{0C8A9602-A336-446F-B257-3C1381A90065}.Debug|x64.Build.0 = Debug|x64
		{0C8A9602-A336-446F-B257-3C1381A90065}.Debug|x86.ActiveCfg = Debug|Win32
		{0C8A9602-A336-446F-B257-3C1381A90065}.Debug|x86.Build.0 = Debug|Win32
		{0C8A9602-A336-446F-B257-3C1381A90065}.Release|x64.ActiveCfg = Release|x64
		{0C8A9602-A336-446F-B257-3C1381A90065}.Release|x64.Build.0 = Release|x64
		{0C8A9602-A336-446F-B257-3C1381A90065}.Release|x86.ActiveCfg = Release|Win32
		{0C8A9602-A336-446F-B257-3C1381A90065}.Release|x86.Build.0 = Release|Win32
		{822C4580-7716-4FA8-B4D9-426A76234543}.Debug|x64.ActiveCfg = Debug|x64
		{822C4580-7716-4FA8-B4D9-426A76234543}.Debug|x64.Build.0 = Debug|x64
		{822C4580-7716-4FA8-B4D9-426A76234543}.Debug|x86.ActiveCfg = Debug|Win32
		{822C4580-7716-4FA8-B4D9-426A76234543}.Debug|x86.Build.0 = Debug|Win32
		{822C4580-7716-4FA8-B4D9-426A76234543}.Release|x64.ActiveCfg = Release|x64
		{822C4580-7716-4FA8-B4D9-426A76234543}.Release|x64.Build.0 = Release|x64
		{822C4580-7716-4FA8-B4D9-426A76234543}.Release|x86.ActiveCfg = Release|Win32
		{822C4580-7716-4FA8-B4D9-426A76234543}.Release|x86.Build.0 = Release|Win32
		{143AEAA0-7F83-4D0A-9265-05E2A082A2DF}.Debug|x64.ActiveCfg = Debug|x64
		{143AEAA0-7F83-4D0A-9265-05E2A082A2DF}.Debug|x64.Build.0 = Debug|x64
		{143AEAA0-7F83-4D0A-9265-05E2A082A2DF}.Debug|x86.ActiveCfg = Debug|Win32
		{143AEAA0-7F83-4D0A-9265-05E2A082A2DF}.Debug|x86.Build.0 = Debug|Win32
		{143AEAA0-7F83-4D0A-9265-05E2A082A2DF}.Release|x64.ActiveCfg = Release|x64
		{143AEAA0-7F83-4D0A-9265-05E2A082A2DF}.Release|x64.Build.0 = Release|x64
		{143AEAA0-7F83-4D0A-9265-05E2A082A2DF}.Release|x86.ActiveCfg = Release|Win32
		{143AEAA0-7F83-4D0A-9265-05E2A082A2DF}.Release|x86.Build.0 = Release|Win32
		{FBCDA691-511F-418A-A738-275A69FF6642}.Debug|x64.ActiveCfg = Debug|x64
		{FBCDA691-511F-418A-A738-275A69FF6642}.Debug|x64.Build.0 = Debug|x64
		{FBCDA691-511F-418A-A738-275A69FF6642}.Debug|x86.ActiveCfg = Debug|Win32
		{FBCDA691-511F-418A-A738-275A69FF6642}.Debug|x86.Build.0 = Debug|Win32
		{FBCDA691-511F-418A-A738-275A69FF6642}.Release|x64.ActiveCfg = Release|x64
		{FBCDA691-511F-418A-A738-275A69FF6642}.Release|x64.Build.0 = Release|x64
		{FBCDA691-511F-418A-A738-275A69FF6642}.Release|x86.ActiveCfg = Release|Win32
		{FBCDA691-511F-418A-A738-275A69FF6642}.Release|x86.Build.0 = Release|Win32
		{D70BC969-4079-43C2-9E50-35BA5C338148}.Debug|x64.ActiveCfg = Debug|x64
		{D70BC969-4079-43C2-9E50-35BA5C338148}.Debug|x64.Build.0 = Debug|x64
		{D70BC969-4079-43C2-9E50-35BA5C338148}.Debug|x86.ActiveCfg = Debug|Win32
		{D70BC969-4079-43C2-9E50-35BA5C338148}.Debug|x86.Build.0 = Debug|Win32
		{D70BC969-4079-43C2-9E50-35BA5C338148}.Release|x64.ActiveCfg = Release|x64
		{D70BC969-4079-43C2-9E50-35BA5C338148}.Release|x64.Build.0 = Release|x64
		{D70BC969-4079-43C2-9E50-35BA5C338148}.Release|x86.ActiveCfg = Release|Win32
		{D70BC969-4079-43C2-9E50-35BA5C338148}.Release|x86.Build.0 = Release|Win32
		{7733E6C2-2C82-4625-9D5B-E57D614E72FA}.Debug|x64.ActiveCfg = Debug|x64
		{7733E6C2-2C82-4625-9D5B-E57D614E72FA}.Debug|x64.Build.0 = Debug|x64
		{7733E6C2-2C82-4625-9D5B-E57D614E72FA}.Debug|x86.ActiveCfg = Debug|Win32
		{7733E6C2-2C82-4625-9D5B-E57D614E72FA}.Debug|x86.Build.0 = Debug|Win32
		{7733E6C2-2C82-4625-9D5B-E57D614E72FA}.Release|x64.ActiveCfg = Release|x64
		{7733E6C2-2C82-4625-9D5B-E57D614E72FA}.Release|x64.Build.0 = Release|x64
		{7733E6C2-2C82-4625-9D5B-E57D614E72FA}.Release|x86.ActiveCfg = Release|Win32
		{7733E6C2-2C82-4625-9D5B-E57D614E72FA}.Release|x86.Build.0 = Release|Win32
		{56445BA0-B17F-4664-AE92-49640D317C7E}.Debug|x64.ActiveCfg = Debug|x64
		{56445BA0-B17F-4664-AE92-49640D317C7E}.Debug|x64.Build.0 = Debug|x64
		{56445BA0-B17F-4664-AE92-49640D317C7E}.Debug|x86.ActiveCfg = Debug|Win32
		{56445BA0-B17F-4664-AE92-49640D317C7E}.Debug|x86.Build.0 = Debug|Win32
		{56445BA0-B17F-4664-AE92-49640D317C7E}.Release|x64.ActiveCfg = Release|x64
		{56445BA0-B17F-4664-AE92-49640D317C7E}.Release|x64.Build.0 = Release|x64
		{56445BA0-B17F-4664-AE92-49640D317C7E}.Release|x86.ActiveCfg = Release|Win32
		{56445BA0-B17F-4664-AE92-49640D317C7E}.Release|x86.Build.0 = Release|Win32
	EndGlobalSection
	GlobalSection(SolutionProperties) = preSolution
		HideSolutionNode = FALSE
	EndGlobalSection
	GlobalSection(ExtensibilityGlobals) = postSolution
		SolutionGuid = {27ED924E-8F4A-4A0F-92DD-E47EBF7943C4}
	EndGlobalSection
EndGlobal
